# Generated by .github/workflows/freeze-deps.yml on Python 3.13 (linux x86_64).
# Do not edit by hand — re-run the Freeze Dependency Lock workflow to update.
alpaca-py==0.43.5
altair==5.3.0
annotated-types==0.7.0
anthropic==0.116.0
anyio==4.14.2
attrs==26.1.0
bcrypt==4.3.0
beautifulsoup4==4.15.0
blinker==1.9.0
cachetools==6.2.6
captcha==0.7.1
certifi==2026.6.17
cffi==2.1.0
charset-normalizer==3.4.9
circlify==0.15.1
click==8.4.2
cryptography==49.0.0
curl_cffi==0.15.0
distro==1.9.0
docstring_parser==0.18.0
extra-streamlit-components==0.1.81
frozendict==2.4.7
gitdb==4.0.12
GitPython==3.1.51
greenlet==3.5.3
h11==0.16.0
html5lib==1.1
httpcore==1.0.9
httpx==0.28.1
idna==3.18
Jinja2==3.1.6
jiter==0.16.0
joblib==1.5.3
jsonschema==4.26.0
jsonschema-specifications==2025.9.1
lxml==6.1.1
markdown-it-py==4.2.0
MarkupSafe==3.0.3
mdurl==0.1.2
msgpack==1.2.1
multitasking==0.0.13
narwhals==2.24.0
numpy==2.5.1
nvidia-nccl-cu12==2.30.7
packaging==26.2
pandas==2.3.3
peewee==4.2.2
pillow==12.3.0
platformdirs==4.10.0
plotly==6.9.0
protobuf==6.33.6
psycopg==3.3.4
psycopg-binary==3.3.4
pyarrow==23.0.1
pycparser==3.0
pydantic==2.13.4
pydantic_core==2.46.4
pydeck==0.9.3
Pygments==2.20.0
PyJWT==2.13.0
python-dateutil==2.9.0.post0
pytz==2026.2
PyYAML==6.0.3
referencing==0.37.0
requests==2.34.2
rich==15.0.0
rpds-py==2026.6.3
scikit-learn==1.9.0
scipy==1.18.0
sentry-sdk==2.65.0
six==1.17.0
smmap==5.0.3
sniffio==1.3.1
soupsieve==2.8.4
SQLAlchemy==2.0.51
sseclient-py==1.9.0
streamlit==1.54.0
streamlit-authenticator==0.4.2
streamlit-autorefresh==1.0.1
streamlit-cookies-manager==0.2.0
tenacity==9.1.4
threadpoolctl==3.6.0
toml==0.10.2
toolz==1.1.0
tornado==6.5.7
typing-inspection==0.4.2
typing_extensions==4.16.0
tzdata==2026.3
urllib3==2.7.0
watchdog==6.0.0
webencodings==0.5.1
websockets==16.1
xgboost==3.3.0
yfinance==0.2.66
